
Microsoft Visual Studio Solution File, Format Version 12.00
# Visual Studio Version 16
VisualStudioVersion = 16.0.30503.244
MinimumVisualStudioVersion = 10.0.40219.1
Project("{9A19103F-16F7-4668-BE54-9A1E7A4F7556}") = "SFMLTest", "SFMLTest\SFMLTest.csproj", "{7CA52019-F8CD-443F-A663-8A139A0B0926}"
EndProject
Project("{FAE04EC0-301F-11D3-BF4B-00C04F79EFBC}") = "SFMLTestTests", "SFMLTestTests\SFMLTestTests.csproj", "{1F647E74-0F15-41A8-9B9B-EB4A5597568E}"
EndProject
Global
	GlobalSection(SolutionConfigurationPlatforms) = preSolution
		Debug|Any CPU = Debug|Any CPU
		Release|Any CPU = Release|Any CPU
	EndGlobalSection
	GlobalSection(ProjectConfigurationPlatforms) = postSolution
		{7CA52019-F8CD-443F-A663-8A139A0B0926}.Debug|Any CPU.ActiveCfg = Debug|Any CPU
		{7CA52019-F8CD-443F-A663-8A139A0B0926}.Debug|Any CPU.Build.0 = Debug|Any CPU
		{7CA52019-F8CD-443F-A663-8A139A0B0926}.Release|Any CPU.ActiveCfg = Release|Any CPU
		{7CA52019-F8CD-443F-A663-8A139A0B0926}.Release|Any CPU.Build.0 = Release|Any CPU
		{1F647E74-0F15-41A8-9B9B-EB4A5597568E}.Debug|Any CPU.ActiveCfg = Debug|Any CPU
		{1F647E74-0F15-41A8-9B9B-EB4A5597568E}.Debug|Any CPU.Build.0 = Debug|Any CPU
		{1F647E74-0F15-41A8-9B9B-EB4A5597568E}.Release|Any CPU.ActiveCfg = Release|Any CPU
		{1F647E74-0F15-41A8-9B9B-EB4A5597568E}.Release|Any CPU.Build.0 = Release|Any CPU
	EndGlobalSection
	GlobalSection(SolutionProperties) = preSolution
		HideSolutionNode = FALSE
	EndGlobalSection
	GlobalSection(ExtensibilityGlobals) = postSolution
		SolutionGuid = {81E52C88-094D-4036-A360-0BE9E60F031B}
	EndGlobalSection
EndGlobal
